
Microsoft Visual Studio Solution File, Format Version 12.00
# Visual Studio Version 16
VisualStudioVersion = 16.0.31019.35
MinimumVisualStudioVersion = 10.0.40219.1
Project("{FAE04EC0-301F-11D3-BF4B-00C04F79EFBC}") = "project", "project\project.csproj", "{8B1751F6-312E-4A72-84B1-E372102E1533}"
EndProject
Project("{FAE04EC0-301F-11D3-BF4B-00C04F79EFBC}") = "Project.Tests", "Project.Tests\Project.Tests.csproj", "{62E8DF5C-DB14-43C2-A7C0-387434D74D45}"
EndProject
Global
	GlobalSection(SolutionConfigurationPlatforms) = preSolution
		Debug|Any CPU = Debug|Any CPU
		Release|Any CPU = Release|Any CPU
	EndGlobalSection
	GlobalSection(ProjectConfigurationPlatforms) = postSolution
		{8B1751F6-312E-4A72-84B1-E372102E1533}.Debug|Any CPU.ActiveCfg = Debug|Any CPU
		{8B1751F6-312E-4A72-84B1-E372102E1533}.Debug|Any CPU.Build.0 = Debug|Any CPU
		{8B1751F6-312E-4A72-84B1-E372102E1533}.Release|Any CPU.ActiveCfg = Release|Any CPU
		{8B1751F6-312E-4A72-84B1-E372102E1533}.Release|Any CPU.Build.0 = Release|Any CPU
		{62E8DF5C-DB14-43C2-A7C0-387434D74D45}.Debug|Any CPU.ActiveCfg = Debug|Any CPU
		{62E8DF5C-DB14-43C2-A7C0-387434D74D45}.Debug|Any CPU.Build.0 = Debug|Any CPU
		{62E8DF5C-DB14-43C2-A7C0-387434D74D45}.Release|Any CPU.ActiveCfg = Release|Any CPU
		{62E8DF5C-DB14-43C2-A7C0-387434D74D45}.Release|Any CPU.Build.0 = Release|Any CPU
	EndGlobalSection
	GlobalSection(SolutionProperties) = preSolution
		HideSolutionNode = FALSE
	EndGlobalSection
	GlobalSection(ExtensibilityGlobals) = postSolution
		SolutionGuid = {BB18AA6F-A7BC-49EC-8140-C65C9CF108F1}
	EndGlobalSection
EndGlobal
